
Microsoft Visual Studio Solution File, Format Version 12.00
# Visual Studio Version 17
VisualStudioVersion = 17.12.35527.113
MinimumVisualStudioVersion = 10.0.40219.1
Project("{FAE04EC0-301F-11D3-BF4B-00C04F79EFBC}") = "DataAccess", "DataAccess\DataAccess.csproj", "{53B40AE4-1898-41A5-BB95-FAF804EEED23}"
EndProject
Project("{FAE04EC0-301F-11D3-BF4B-00C04F79EFBC}") = "Business", "Business\Business.csproj", "{617DFB79-DE0D-4B73-BD03-2BD29360EDE9}"
EndProject
Project("{FAE04EC0-301F-11D3-BF4B-00C04F79EFBC}") = "Entities", "Entities\Entities.csproj", "{C4576BFE-CC53-4BFD-ADA4-19639C01541C}"
EndProject
Project("{FAE04EC0-301F-11D3-BF4B-00C04F79EFBC}") = "ConsoleUI", "ConsoleUI\ConsoleUI.csproj", "{D8F31C78-36F4-49BE-BA05-11C1AA9B02D9}"
EndProject
Project("{FAE04EC0-301F-11D3-BF4B-00C04F79EFBC}") = "Core", "Core\Core.csproj", "{A9C5E219-7654-4A0F-9BD7-55115E03BFC4}"
EndProject
Project("{FAE04EC0-301F-11D3-BF4B-00C04F79EFBC}") = "WebAPI", "WebAPI\WebAPI.csproj", "{A3750BBE-C2D7-4D55-AEA5-FEEC9BF187F3}"
EndProject
Global
	GlobalSection(SolutionConfigurationPlatforms) = preSolution
		Debug|Any CPU = Debug|Any CPU
		Release|Any CPU = Release|Any CPU
	EndGlobalSection
	GlobalSection(ProjectConfigurationPlatforms) = postSolution
		{53B40AE4-1898-41A5-BB95-FAF804EEED23}.Debug|Any CPU.ActiveCfg = Debug|Any CPU
		{53B40AE4-1898-41A5-BB95-FAF804EEED23}.Debug|Any CPU.Build.0 = Debug|Any CPU
		{53B40AE4-1898-41A5-BB95-FAF804EEED23}.Release|Any CPU.ActiveCfg = Release|Any CPU
		{53B40AE4-1898-41A5-BB95-FAF804EEED23}.Release|Any CPU.Build.0 = Release|Any CPU
		{617DFB79-DE0D-4B73-BD03-2BD29360EDE9}.Debug|Any CPU.ActiveCfg = Debug|Any CPU
		{617DFB79-DE0D-4B73-BD03-2BD29360EDE9}.Debug|Any CPU.Build.0 = Debug|Any CPU
		{617DFB79-DE0D-4B73-BD03-2BD29360EDE9}.Release|Any CPU.ActiveCfg = Release|Any CPU
		{617DFB79-DE0D-4B73-BD03-2BD29360EDE9}.Release|Any CPU.Build.0 = Release|Any CPU
		{C4576BFE-CC53-4BFD-ADA4-19639C01541C}.Debug|Any CPU.ActiveCfg = Debug|Any CPU
		{C4576BFE-CC53-4BFD-ADA4-19639C01541C}.Debug|Any CPU.Build.0 = Debug|Any CPU
		{C4576BFE-CC53-4BFD-ADA4-19639C01541C}.Release|Any CPU.ActiveCfg = Release|Any CPU
		{C4576BFE-CC53-4BFD-ADA4-19639C01541C}.Release|Any CPU.Build.0 = Release|Any CPU
		{D8F31C78-36F4-49BE-BA05-11C1AA9B02D9}.Debug|Any CPU.ActiveCfg = Debug|Any CPU
		{D8F31C78-36F4-49BE-BA05-11C1AA9B02D9}.Debug|Any CPU.Build.0 = Debug|Any CPU
		{D8F31C78-36F4-49BE-BA05-11C1AA9B02D9}.Release|Any CPU.ActiveCfg = Release|Any CPU
		{D8F31C78-36F4-49BE-BA05-11C1AA9B02D9}.Release|Any CPU.Build.0 = Release|Any CPU
		{A9C5E219-7654-4A0F-9BD7-55115E03BFC4}.Debug|Any CPU.ActiveCfg = Debug|Any CPU
		{A9C5E219-7654-4A0F-9BD7-55115E03BFC4}.Debug|Any CPU.Build.0 = Debug|Any CPU
		{A9C5E219-7654-4A0F-9BD7-55115E03BFC4}.Release|Any CPU.ActiveCfg = Release|Any CPU
		{A9C5E219-7654-4A0F-9BD7-55115E03BFC4}.Release|Any CPU.Build.0 = Release|Any CPU
		{A3750BBE-C2D7-4D55-AEA5-FEEC9BF187F3}.Debug|Any CPU.ActiveCfg = Debug|Any CPU
		{A3750BBE-C2D7-4D55-AEA5-FEEC9BF187F3}.Debug|Any CPU.Build.0 = Debug|Any CPU
		{A3750BBE-C2D7-4D55-AEA5-FEEC9BF187F3}.Release|Any CPU.ActiveCfg = Release|Any CPU
		{A3750BBE-C2D7-4D55-AEA5-FEEC9BF187F3}.Release|Any CPU.Build.0 = Release|Any CPU
	EndGlobalSection
	GlobalSection(SolutionProperties) = preSolution
		HideSolutionNode = FALSE
	EndGlobalSection
EndGlobal
